
Microsoft Visual Studio Solution File, Format Version 12.00
# Visual Studio Version 16
VisualStudioVersion = 16.0.31727.386
MinimumVisualStudioVersion = 10.0.40219.1
Project("{9A19103F-16F7-4668-BE54-9A1E7A4F7556}") = "MumbleClient", "MumbleClient\MumbleClient.csproj", "{74A963EB-67B5-4C70-BC25-F7CCB1B7FEC5}"
EndProject
Project("{9A19103F-16F7-4668-BE54-9A1E7A4F7556}") = "Mumble", "Mumble\Mumble.csproj", "{985EFC6B-7B5B-4357-8174-C7FF178AF787}"
EndProject
Project("{9A19103F-16F7-4668-BE54-9A1E7A4F7556}") = "Sentra.PTT.Utility", "Sentra.PTT.Utility\Sentra.PTT.Utility.csproj", "{57A335BA-8208-44F3-91C3-2302818DF917}"
EndProject
Project("{9A19103F-16F7-4668-BE54-9A1E7A4F7556}") = "MurmurCommon", "MurmurCommon\MurmurCommon.csproj", "{2C798D28-131D-472D-B374-706F78B6001A}"
EndProject
Global
	GlobalSection(SolutionConfigurationPlatforms) = preSolution
		Debug|Any CPU = Debug|Any CPU
		Release|Any CPU = Release|Any CPU
	EndGlobalSection
	GlobalSection(ProjectConfigurationPlatforms) = postSolution
		{74A963EB-67B5-4C70-BC25-F7CCB1B7FEC5}.Debug|Any CPU.ActiveCfg = Debug|Any CPU
		{74A963EB-67B5-4C70-BC25-F7CCB1B7FEC5}.Debug|Any CPU.Build.0 = Debug|Any CPU
		{74A963EB-67B5-4C70-BC25-F7CCB1B7FEC5}.Release|Any CPU.ActiveCfg = Release|Any CPU
		{74A963EB-67B5-4C70-BC25-F7CCB1B7FEC5}.Release|Any CPU.Build.0 = Release|Any CPU
		{985EFC6B-7B5B-4357-8174-C7FF178AF787}.Debug|Any CPU.ActiveCfg = Debug|Any CPU
		{985EFC6B-7B5B-4357-8174-C7FF178AF787}.Debug|Any CPU.Build.0 = Debug|Any CPU
		{985EFC6B-7B5B-4357-8174-C7FF178AF787}.Release|Any CPU.ActiveCfg = Release|Any CPU
		{985EFC6B-7B5B-4357-8174-C7FF178AF787}.Release|Any CPU.Build.0 = Release|Any CPU
		{57A335BA-8208-44F3-91C3-2302818DF917}.Debug|Any CPU.ActiveCfg = Debug|Any CPU
		{57A335BA-8208-44F3-91C3-2302818DF917}.Debug|Any CPU.Build.0 = Debug|Any CPU
		{57A335BA-8208-44F3-91C3-2302818DF917}.Release|Any CPU.ActiveCfg = Release|Any CPU
		{57A335BA-8208-44F3-91C3-2302818DF917}.Release|Any CPU.Build.0 = Release|Any CPU
		{2C798D28-131D-472D-B374-706F78B6001A}.Debug|Any CPU.ActiveCfg = Debug|Any CPU
		{2C798D28-131D-472D-B374-706F78B6001A}.Debug|Any CPU.Build.0 = Debug|Any CPU
		{2C798D28-131D-472D-B374-706F78B6001A}.Release|Any CPU.ActiveCfg = Release|Any CPU
		{2C798D28-131D-472D-B374-706F78B6001A}.Release|Any CPU.Build.0 = Release|Any CPU
	EndGlobalSection
	GlobalSection(SolutionProperties) = preSolution
		HideSolutionNode = FALSE
	EndGlobalSection
	GlobalSection(ExtensibilityGlobals) = postSolution
		SolutionGuid = {515CC084-DF46-4773-A6D5-F9152A1720DB}
	EndGlobalSection
EndGlobal
